// !$*UTF8*$!
{
	archiveVersion = 1;
	classes = {
	};
	objectVersion = 50;
	objects = {

/* Begin PBXBuildFile section */
		04151830227382AD00A6B0DA /* NotificationExt.swift in Sources */ = {isa = PBXBuildFile; fileRef = 0415182F227382AD00A6B0DA /* NotificationExt.swift */; };
		04151832227391BF00A6B0DA /* GetStartedViewController.swift in Sources */ = {isa = PBXBuildFile; fileRef = 04151831227391BF00A6B0DA /* GetStartedViewController.swift */; };
		04151834227392FB00A6B0DA /* AddWayPointViewController.swift in Sources */ = {isa = PBXBuildFile; fileRef = 04151833227392FB00A6B0DA /* AddWayPointViewController.swift */; };
		0415183622739EE100A6B0DA /* TripDetailedViewController.swift in Sources */ = {isa = PBXBuildFile; fileRef = 0415183522739EE100A6B0DA /* TripDetailedViewController.swift */; };
		0415183B2273A81E00A6B0DA /* Trips+CoreDataClass.swift in Sources */ = {isa = PBXBuildFile; fileRef = 041518372273A81E00A6B0DA /* Trips+CoreDataClass.swift */; };
		0415183C2273A81E00A6B0DA /* Trips+CoreDataProperties.swift in Sources */ = {isa = PBXBuildFile; fileRef = 041518382273A81E00A6B0DA /* Trips+CoreDataProperties.swift */; };
		0415183D2273A81E00A6B0DA /* WayPoints+CoreDataClass.swift in Sources */ = {isa = PBXBuildFile; fileRef = 041518392273A81E00A6B0DA /* WayPoints+CoreDataClass.swift */; };
		0415183E2273A81E00A6B0DA /* WayPoints+CoreDataProperties.swift in Sources */ = {isa = PBXBuildFile; fileRef = 0415183A2273A81E00A6B0DA /* WayPoints+CoreDataProperties.swift */; };
		042242112273E6CB002A9ED5 /* constants.swift in Sources */ = {isa = PBXBuildFile; fileRef = 042242102273E6CB002A9ED5 /* constants.swift */; };
		0474F3122273BDA700C3FE9A /* CoreDataManager.swift in Sources */ = {isa = PBXBuildFile; fileRef = 0474F3112273BDA700C3FE9A /* CoreDataManager.swift */; };
		04CF129D2272B07C00B967D1 /* AppDelegate.swift in Sources */ = {isa = PBXBuildFile; fileRef = 04CF129C2272B07C00B967D1 /* AppDelegate.swift */; };
		04CF129F2272B07C00B967D1 /* MainViewController.swift in Sources */ = {isa = PBXBuildFile; fileRef = 04CF129E2272B07C00B967D1 /* MainViewController.swift */; };
		04CF12A22272B07C00B967D1 /* Main.storyboard in Resources */ = {isa = PBXBuildFile; fileRef = 04CF12A02272B07C00B967D1 /* Main.storyboard */; };
		04CF12A52272B07C00B967D1 /* TripPlanner.xcdatamodeld in Sources */ = {isa = PBXBuildFile; fileRef = 04CF12A32272B07C00B967D1 /* TripPlanner.xcdatamodeld */; };
		04CF12A72272B07D00B967D1 /* Assets.xcassets in Resources */ = {isa = PBXBuildFile; fileRef = 04CF12A62272B07D00B967D1 /* Assets.xcassets */; };
		04CF12AA2272B07D00B967D1 /* LaunchScreen.storyboard in Resources */ = {isa = PBXBuildFile; fileRef = 04CF12A82272B07D00B967D1 /* LaunchScreen.storyboard */; };
		04CF12B62272B5C800B967D1 /* AddTripViewController.swift in Sources */ = {isa = PBXBuildFile; fileRef = 04CF12B52272B5C800B967D1 /* AddTripViewController.swift */; };
		04CF12B92272B8D100B967D1 /* AddTripExt.swift in Sources */ = {isa = PBXBuildFile; fileRef = 04CF12B82272B8D100B967D1 /* AddTripExt.swift */; };
		04CF12BB2272BE9800B967D1 /* TripsTableViewCell.swift in Sources */ = {isa = PBXBuildFile; fileRef = 04CF12BA2272BE9800B967D1 /* TripsTableViewCell.swift */; };
		04F90DF0227D0A5A001795AB /* ServiceLayer.swift in Sources */ = {isa = PBXBuildFile; fileRef = 04F90DEF227D0A5A001795AB /* ServiceLayer.swift */; };
		04F90DF3227D0B3E001795AB /* Router.swift in Sources */ = {isa = PBXBuildFile; fileRef = 04F90DF2227D0B3E001795AB /* Router.swift */; };
		19EA186BDA88A25B3C38C955 /* Pods_TripPlanner.framework in Frameworks */ = {isa = PBXBuildFile; fileRef = 3455B2105517C29C2AE0B1DD /* Pods_TripPlanner.framework */; };
/* End PBXBuildFile section */

/* Begin PBXFileReference section */
		0415182F227382AD00A6B0DA /* NotificationExt.swift */ = {isa = PBXFileReference; lastKnownFileType = sourcecode.swift; path = NotificationExt.swift; sourceTree = "<group>"; };
		04151831227391BF00A6B0DA /* GetStartedViewController.swift */ = {isa = PBXFileReference; lastKnownFileType = sourcecode.swift; path = GetStartedViewController.swift; sourceTree = "<group>"; };
		04151833227392FB00A6B0DA /* AddWayPointViewController.swift */ = {isa = PBXFileReference; lastKnownFileType = sourcecode.swift; path = AddWayPointViewController.swift; sourceTree = "<group>"; };
		0415183522739EE100A6B0DA /* TripDetailedViewController.swift */ = {isa = PBXFileReference; lastKnownFileType = sourcecode.swift; path = TripDetailedViewController.swift; sourceTree = "<group>"; };
		041518372273A81E00A6B0DA /* Trips+CoreDataClass.swift */ = {isa = PBXFileReference; lastKnownFileType = sourcecode.swift; path = "Trips+CoreDataClass.swift"; sourceTree = "<group>"; };
		041518382273A81E00A6B0DA /* Trips+CoreDataProperties.swift */ = {isa = PBXFileReference; lastKnownFileType = sourcecode.swift; path = "Trips+CoreDataProperties.swift"; sourceTree = "<group>"; };
		041518392273A81E00A6B0DA /* WayPoints+CoreDataClass.swift */ = {isa = PBXFileReference; lastKnownFileType = sourcecode.swift; path = "WayPoints+CoreDataClass.swift"; sourceTree = "<group>"; };
		0415183A2273A81E00A6B0DA /* WayPoints+CoreDataProperties.swift */ = {isa = PBXFileReference; lastKnownFileType = sourcecode.swift; path = "WayPoints+CoreDataProperties.swift"; sourceTree = "<group>"; };
		042242102273E6CB002A9ED5 /* constants.swift */ = {isa = PBXFileReference; lastKnownFileType = sourcecode.swift; path = constants.swift; sourceTree = "<group>"; };
		0474F3112273BDA700C3FE9A /* CoreDataManager.swift */ = {isa = PBXFileReference; lastKnownFileType = sourcecode.swift; path = CoreDataManager.swift; sourceTree = "<group>"; };
		04CF12992272B07C00B967D1 /* TripPlanner.app */ = {isa = PBXFileReference; explicitFileType = wrapper.application; includeInIndex = 0; path = TripPlanner.app; sourceTree = BUILT_PRODUCTS_DIR; };
		04CF129C2272B07C00B967D1 /* AppDelegate.swift */ = {isa = PBXFileReference; lastKnownFileType = sourcecode.swift; path = AppDelegate.swift; sourceTree = "<group>"; };
		04CF129E2272B07C00B967D1 /* MainViewController.swift */ = {isa = PBXFileReference; lastKnownFileType = sourcecode.swift; path = MainViewController.swift; sourceTree = "<group>"; };
		04CF12A12272B07C00B967D1 /* Base */ = {isa = PBXFileReference; lastKnownFileType = file.storyboard; name = Base; path = Base.lproj/Main.storyboard; sourceTree = "<group>"; };
		04CF12A42272B07C00B967D1 /* TripPlanner.xcdatamodel */ = {isa = PBXFileReference; lastKnownFileType = wrapper.xcdatamodel; path = TripPlanner.xcdatamodel; sourceTree = "<group>"; };
		04CF12A62272B07D00B967D1 /* Assets.xcassets */ = {isa = PBXFileReference; lastKnownFileType = folder.assetcatalog; path = Assets.xcassets; sourceTree = "<group>"; };
		04CF12A92272B07D00B967D1 /* Base */ = {isa = PBXFileReference; lastKnownFileType = file.storyboard; name = Base; path = Base.lproj/LaunchScreen.storyboard; sourceTree = "<group>"; };
		04CF12AB2272B07D00B967D1 /* Info.plist */ = {isa = PBXFileReference; lastKnownFileType = text.plist.xml; path = Info.plist; sourceTree = "<group>"; };
		04CF12B52272B5C800B967D1 /* AddTripViewController.swift */ = {isa = PBXFileReference; lastKnownFileType = sourcecode.swift; path = AddTripViewController.swift; sourceTree = "<group>"; };
		04CF12B82272B8D100B967D1 /* AddTripExt.swift */ = {isa = PBXFileReference; lastKnownFileType = sourcecode.swift; path = AddTripExt.swift; sourceTree = "<group>"; };
		04CF12BA2272BE9800B967D1 /* TripsTableViewCell.swift */ = {isa = PBXFileReference; lastKnownFileType = sourcecode.swift; path = TripsTableViewCell.swift; sourceTree = "<group>"; };
		04F90DEF227D0A5A001795AB /* ServiceLayer.swift */ = {isa = PBXFileReference; lastKnownFileType = sourcecode.swift; path = ServiceLayer.swift; sourceTree = "<group>"; };
		04F90DF2227D0B3E001795AB /* Router.swift */ = {isa = PBXFileReference; lastKnownFileType = sourcecode.swift; path = Router.swift; sourceTree = "<group>"; };
		3455B2105517C29C2AE0B1DD /* Pods_TripPlanner.framework */ = {isa = PBXFileReference; explicitFileType = wrapper.framework; includeInIndex = 0; path = Pods_TripPlanner.framework; sourceTree = BUILT_PRODUCTS_DIR; };
		746C263B9F12D80EDC446326 /* Pods-TripPlanner.debug.xcconfig */ = {isa = PBXFileReference; includeInIndex = 1; lastKnownFileType = text.xcconfig; name = "Pods-TripPlanner.debug.xcconfig"; path = "Pods/Target Support Files/Pods-TripPlanner/Pods-TripPlanner.debug.xcconfig"; sourceTree = "<group>"; };
		C036F40167D23BA179F3AB4C /* Pods-TripPlanner.release.xcconfig */ = {isa = PBXFileReference; includeInIndex = 1; lastKnownFileType = text.xcconfig; name = "Pods-TripPlanner.release.xcconfig"; path = "Pods/Target Support Files/Pods-TripPlanner/Pods-TripPlanner.release.xcconfig"; sourceTree = "<group>"; };
/* End PBXFileReference section */

/* Begin PBXFrameworksBuildPhase section */
		04CF12962272B07C00B967D1 /* Frameworks */ = {
			isa = PBXFrameworksBuildPhase;
			buildActionMask = 2147483647;
			files = (
				19EA186BDA88A25B3C38C955 /* Pods_TripPlanner.framework in Frameworks */,
			);
			runOnlyForDeploymentPostprocessing = 0;
		};
/* End PBXFrameworksBuildPhase section */

/* Begin PBXGroup section */
		0474F3102273BD9500C3FE9A /* models */ = {
			isa = PBXGroup;
			children = (
				0474F3112273BDA700C3FE9A /* CoreDataManager.swift */,
			);
			path = models;
			sourceTree = "<group>";
		};
		04CF12902272B07C00B967D1 = {
			isa = PBXGroup;
			children = (
				041518372273A81E00A6B0DA /* Trips+CoreDataClass.swift */,
				041518382273A81E00A6B0DA /* Trips+CoreDataProperties.swift */,
				041518392273A81E00A6B0DA /* WayPoints+CoreDataClass.swift */,
				0415183A2273A81E00A6B0DA /* WayPoints+CoreDataProperties.swift */,
				04CF129B2272B07C00B967D1 /* TripPlanner */,
				04CF129A2272B07C00B967D1 /* Products */,
				75FFAB82B41A511535BEF81E /* Pods */,
				C4CB573A5F246DC7780B8349 /* Frameworks */,
			);
			sourceTree = "<group>";
		};
		04CF129A2272B07C00B967D1 /* Products */ = {
			isa = PBXGroup;
			children = (
				04CF12992272B07C00B967D1 /* TripPlanner.app */,
			);
			name = Products;
			sourceTree = "<group>";
		};
		04CF129B2272B07C00B967D1 /* TripPlanner */ = {
			isa = PBXGroup;
			children = (
				04CF129C2272B07C00B967D1 /* AppDelegate.swift */,
				042242102273E6CB002A9ED5 /* constants.swift */,
				04CF12B22272B23F00B967D1 /* controllers */,
				04F90DF1227D0B22001795AB /* networkingLayer */,
				04CF12B32272B24500B967D1 /* views */,
				04CF12B72272B8A000B967D1 /* extensions */,
				0474F3102273BD9500C3FE9A /* models */,
				04CF12B42272B25400B967D1 /* storyboards */,
				04CF12A62272B07D00B967D1 /* Assets.xcassets */,
				04CF12AB2272B07D00B967D1 /* Info.plist */,
				04CF12A32272B07C00B967D1 /* TripPlanner.xcdatamodeld */,
			);
			path = TripPlanner;
			sourceTree = "<group>";
		};
		04CF12B22272B23F00B967D1 /* controllers */ = {
			isa = PBXGroup;
			children = (
				04CF129E2272B07C00B967D1 /* MainViewController.swift */,
				04CF12B52272B5C800B967D1 /* AddTripViewController.swift */,
				04151831227391BF00A6B0DA /* GetStartedViewController.swift */,
				0415183522739EE100A6B0DA /* TripDetailedViewController.swift */,
				04151833227392FB00A6B0DA /* AddWayPointViewController.swift */,
			);
			path = controllers;
			sourceTree = "<group>";
		};
		04CF12B32272B24500B967D1 /* views */ = {
			isa = PBXGroup;
			children = (
				04CF12BA2272BE9800B967D1 /* TripsTableViewCell.swift */,
			);
			path = views;
			sourceTree = "<group>";
		};
		04CF12B42272B25400B967D1 /* storyboards */ = {
			isa = PBXGroup;
			children = (
				04CF12A02272B07C00B967D1 /* Main.storyboard */,
				04CF12A82272B07D00B967D1 /* LaunchScreen.storyboard */,
			);
			path = storyboards;
			sourceTree = "<group>";
		};
		04CF12B72272B8A000B967D1 /* extensions */ = {
			isa = PBXGroup;
			children = (
				04CF12B82272B8D100B967D1 /* AddTripExt.swift */,
				0415182F227382AD00A6B0DA /* NotificationExt.swift */,
			);
			path = extensions;
			sourceTree = "<group>";
		};
		04F90DF1227D0B22001795AB /* networkingLayer */ = {
			isa = PBXGroup;
			children = (
				04F90DEF227D0A5A001795AB /* ServiceLayer.swift */,
				04F90DF2227D0B3E001795AB /* Router.swift */,
			);
			path = networkingLayer;
			sourceTree = "<group>";
		};
		75FFAB82B41A511535BEF81E /* Pods */ = {
			isa = PBXGroup;
			children = (
				746C263B9F12D80EDC446326 /* Pods-TripPlanner.debug.xcconfig */,
				C036F40167D23BA179F3AB4C /* Pods-TripPlanner.release.xcconfig */,
			);
			name = Pods;
			sourceTree = "<group>";
		};
		C4CB573A5F246DC7780B8349 /* Frameworks */ = {
			isa = PBXGroup;
			children = (
				3455B2105517C29C2AE0B1DD /* Pods_TripPlanner.framework */,
			);
			name = Frameworks;
			sourceTree = "<group>";
		};
/* End PBXGroup section */

/* Begin PBXNativeTarget section */
		04CF12982272B07C00B967D1 /* TripPlanner */ = {
			isa = PBXNativeTarget;
			buildConfigurationList = 04CF12AE2272B07D00B967D1 /* Build configuration list for PBXNativeTarget "TripPlanner" */;
			buildPhases = (
				B0761AE87D00D6E2A4DB10CD /* [CP] Check Pods Manifest.lock */,
				04CF12952272B07C00B967D1 /* Sources */,
				04CF12962272B07C00B967D1 /* Frameworks */,
				04CF12972272B07C00B967D1 /* Resources */,
				3BB78E1E17112E6E431F1D4D /* [CP] Copy Pods Resources */,
			);
			buildRules = (
			);
			dependencies = (
			);
			name = TripPlanner;
			productName = TripPlanner;
			productReference = 04CF12992272B07C00B967D1 /* TripPlanner.app */;
			productType = "com.apple.product-type.application";
		};
/* End PBXNativeTarget section */

/* Begin PBXProject section */
		04CF12912272B07C00B967D1 /* Project object */ = {
			isa = PBXProject;
			attributes = {
				LastSwiftUpdateCheck = 1010;
				LastUpgradeCheck = 1010;
				ORGANIZATIONNAME = sarinswift;
				TargetAttributes = {
					04CF12982272B07C00B967D1 = {
						CreatedOnToolsVersion = 10.1;
					};
				};
			};
			buildConfigurationList = 04CF12942272B07C00B967D1 /* Build configuration list for PBXProject "TripPlanner" */;
			compatibilityVersion = "Xcode 9.3";
			developmentRegion = en;
			hasScannedForEncodings = 0;
			knownRegions = (
				en,
				Base,
			);
			mainGroup = 04CF12902272B07C00B967D1;
			productRefGroup = 04CF129A2272B07C00B967D1 /* Products */;
			projectDirPath = "";
			projectRoot = "";
			targets = (
				04CF12982272B07C00B967D1 /* TripPlanner */,
			);
		};
/* End PBXProject section */

/* Begin PBXResourcesBuildPhase section */
		04CF12972272B07C00B967D1 /* Resources */ = {
			isa = PBXResourcesBuildPhase;
			buildActionMask = 2147483647;
			files = (
				04CF12AA2272B07D00B967D1 /* LaunchScreen.storyboard in Resources */,
				04CF12A72272B07D00B967D1 /* Assets.xcassets in Resources */,
				04CF12A22272B07C00B967D1 /* Main.storyboard in Resources */,
			);
			runOnlyForDeploymentPostprocessing = 0;
		};
/* End PBXResourcesBuildPhase section */

/* Begin PBXShellScriptBuildPhase section */
		3BB78E1E17112E6E431F1D4D /* [CP] Copy Pods Resources */ = {
			isa = PBXShellScriptBuildPhase;
			buildActionMask = 2147483647;
			files = (
			);
			inputPaths = (
				"${SRCROOT}/Pods/Target Support Files/Pods-TripPlanner/Pods-TripPlanner-resources.sh",
				"${PODS_ROOT}/GoogleMaps/Maps/Frameworks/GoogleMaps.framework/Resources/GoogleMaps.bundle",
				"${PODS_ROOT}/GooglePlaces/Frameworks/GooglePlaces.framework/Resources/GooglePlaces.bundle",
			);
			name = "[CP] Copy Pods Resources";
			outputPaths = (
				"${TARGET_BUILD_DIR}/${UNLOCALIZED_RESOURCES_FOLDER_PATH}/GoogleMaps.bundle",
				"${TARGET_BUILD_DIR}/${UNLOCALIZED_RESOURCES_FOLDER_PATH}/GooglePlaces.bundle",
			);
			runOnlyForDeploymentPostprocessing = 0;
			shellPath = /bin/sh;
			shellScript = "\"${SRCROOT}/Pods/Target Support Files/Pods-TripPlanner/Pods-TripPlanner-resources.sh\"\n";
			showEnvVarsInLog = 0;
		};
		B0761AE87D00D6E2A4DB10CD /* [CP] Check Pods Manifest.lock */ = {
			isa = PBXShellScriptBuildPhase;
			buildActionMask = 2147483647;
			files = (
			);
			inputPaths = (
				"${PODS_PODFILE_DIR_PATH}/Podfile.lock",
				"${PODS_ROOT}/Manifest.lock",
			);
			name = "[CP] Check Pods Manifest.lock";
			outputPaths = (
				"$(DERIVED_FILE_DIR)/Pods-TripPlanner-checkManifestLockResult.txt",
			);
			runOnlyForDeploymentPostprocessing = 0;
			shellPath = /bin/sh;
			shellScript = "diff \"${PODS_PODFILE_DIR_PATH}/Podfile.lock\" \"${PODS_ROOT}/Manifest.lock\" > /dev/null\nif [ $? != 0 ] ; then\n    # print error to STDERR\n    echo \"error: The sandbox is not in sync with the Podfile.lock. Run 'pod install' or update your CocoaPods installation.\" >&2\n    exit 1\nfi\n# This output is used by Xcode 'outputs' to avoid re-running this script phase.\necho \"SUCCESS\" > \"${SCRIPT_OUTPUT_FILE_0}\"\n";
			showEnvVarsInLog = 0;
		};
/* End PBXShellScriptBuildPhase section */

/* Begin PBXSourcesBuildPhase section */
		04CF12952272B07C00B967D1 /* Sources */ = {
			isa = PBXSourcesBuildPhase;
			buildActionMask = 2147483647;
			files = (
				04F90DF0227D0A5A001795AB /* ServiceLayer.swift in Sources */,
				04151834227392FB00A6B0DA /* AddWayPointViewController.swift in Sources */,
				04CF12BB2272BE9800B967D1 /* TripsTableViewCell.swift in Sources */,
				0415183E2273A81E00A6B0DA /* WayPoints+CoreDataProperties.swift in Sources */,
				04F90DF3227D0B3E001795AB /* Router.swift in Sources */,
				0474F3122273BDA700C3FE9A /* CoreDataManager.swift in Sources */,
				0415183D2273A81E00A6B0DA /* WayPoints+CoreDataClass.swift in Sources */,
				0415183C2273A81E00A6B0DA /* Trips+CoreDataProperties.swift in Sources */,
				0415183B2273A81E00A6B0DA /* Trips+CoreDataClass.swift in Sources */,
				042242112273E6CB002A9ED5 /* constants.swift in Sources */,
				04151830227382AD00A6B0DA /* NotificationExt.swift in Sources */,
				04151832227391BF00A6B0DA /* GetStartedViewController.swift in Sources */,
				0415183622739EE100A6B0DA /* TripDetailedViewController.swift in Sources */,
				04CF129F2272B07C00B967D1 /* MainViewController.swift in Sources */,
				04CF12B62272B5C800B967D1 /* AddTripViewController.swift in Sources */,
				04CF12A52272B07C00B967D1 /* TripPlanner.xcdatamodeld in Sources */,
				04CF129D2272B07C00B967D1 /* AppDelegate.swift in Sources */,
				04CF12B92272B8D100B967D1 /* AddTripExt.swift in Sources */,
			);
			runOnlyForDeploymentPostprocessing = 0;
		};
/* End PBXSourcesBuildPhase section */

/* Begin PBXVariantGroup section */
		04CF12A02272B07C00B967D1 /* Main.storyboard */ = {
			isa = PBXVariantGroup;
			children = (
				04CF12A12272B07C00B967D1 /* Base */,
			);
			name = Main.storyboard;
			sourceTree = "<group>";
		};
		04CF12A82272B07D00B967D1 /* LaunchScreen.storyboard */ = {
			isa = PBXVariantGroup;
			children = (
				04CF12A92272B07D00B967D1 /* Base */,
			);
			name = LaunchScreen.storyboard;
			sourceTree = "<group>";
		};
/* End PBXVariantGroup section */

/* Begin XCBuildConfiguration section */
		04CF12AC2272B07D00B967D1 /* Debug */ = {
			isa = XCBuildConfiguration;
			buildSettings = {
				ALWAYS_SEARCH_USER_PATHS = NO;
				CLANG_ANALYZER_NONNULL = YES;
				CLANG_ANALYZER_NUMBER_OBJECT_CONVERSION = YES_AGGRESSIVE;
				CLANG_CXX_LANGUAGE_STANDARD = "gnu++14";
				CLANG_CXX_LIBRARY = "libc++";
				CLANG_ENABLE_MODULES = YES;
				CLANG_ENABLE_OBJC_ARC = YES;
				CLANG_ENABLE_OBJC_WEAK = YES;
				CLANG_WARN_BLOCK_CAPTURE_AUTORELEASING = YES;
				CLANG_WARN_BOOL_CONVERSION = YES;
				CLANG_WARN_COMMA = YES;
				CLANG_WARN_CONSTANT_CONVERSION = YES;
				CLANG_WARN_DEPRECATED_OBJC_IMPLEMENTATIONS = YES;
				CLANG_WARN_DIRECT_OBJC_ISA_USAGE = YES_ERROR;
				CLANG_WARN_DOCUMENTATION_COMMENTS = YES;
				CLANG_WARN_EMPTY_BODY = YES;
				CLANG_WARN_ENUM_CONVERSION = YES;
				CLANG_WARN_INFINITE_RECURSION = YES;
				CLANG_WARN_INT_CONVERSION = YES;
				CLANG_WARN_NON_LITERAL_NULL_CONVERSION = YES;
				CLANG_WARN_OBJC_IMPLICIT_RETAIN_SELF = YES;
				CLANG_WARN_OBJC_LITERAL_CONVERSION = YES;
				CLANG_WARN_OBJC_ROOT_CLASS = YES_ERROR;
				CLANG_WARN_RANGE_LOOP_ANALYSIS = YES;
				CLANG_WARN_STRICT_PROTOTYPES = YES;
				CLANG_WARN_SUSPICIOUS_MOVE = YES;
				CLANG_WARN_UNGUARDED_AVAILABILITY = YES_AGGRESSIVE;
				CLANG_WARN_UNREACHABLE_CODE = YES;
				CLANG_WARN__DUPLICATE_METHOD_MATCH = YES;
				CODE_SIGN_IDENTITY = "iPhone Developer";
				COPY_PHASE_STRIP = NO;
				DEBUG_INFORMATION_FORMAT = dwarf;
				ENABLE_STRICT_OBJC_MSGSEND = YES;
				ENABLE_TESTABILITY = YES;
				GCC_C_LANGUAGE_STANDARD = gnu11;
				GCC_DYNAMIC_NO_PIC = NO;
				GCC_NO_COMMON_BLOCKS = YES;
				GCC_OPTIMIZATION_LEVEL = 0;
				GCC_PREPROCESSOR_DEFINITIONS = (
					"DEBUG=1",
					"$(inherited)",
				);
				GCC_WARN_64_TO_32_BIT_CONVERSION = YES;
				GCC_WARN_ABOUT_RETURN_TYPE = YES_ERROR;
				GCC_WARN_UNDECLARED_SELECTOR = YES;
				GCC_WARN_UNINITIALIZED_AUTOS = YES_AGGRESSIVE;
				GCC_WARN_UNUSED_FUNCTION = YES;
				GCC_WARN_UNUSED_VARIABLE = YES;
				IPHONEOS_DEPLOYMENT_TARGET = 12.1;
				MTL_ENABLE_DEBUG_INFO = INCLUDE_SOURCE;
				MTL_FAST_MATH = YES;
				ONLY_ACTIVE_ARCH = YES;
				SDKROOT = iphoneos;
				SWIFT_ACTIVE_COMPILATION_CONDITIONS = DEBUG;
				SWIFT_OPTIMIZATION_LEVEL = "-Onone";
			};
			name = Debug;
		};
		04CF12AD2272B07D00B967D1 /* Release */ = {
			isa = XCBuildConfiguration;
			buildSettings = {
				ALWAYS_SEARCH_USER_PATHS = NO;
				CLANG_ANALYZER_NONNULL = YES;
				CLANG_ANALYZER_NUMBER_OBJECT_CONVERSION = YES_AGGRESSIVE;
				CLANG_CXX_LANGUAGE_STANDARD = "gnu++14";
				CLANG_CXX_LIBRARY = "libc++";
				CLANG_ENABLE_MODULES = YES;
				CLANG_ENABLE_OBJC_ARC = YES;
				CLANG_ENABLE_OBJC_WEAK = YES;
				CLANG_WARN_BLOCK_CAPTURE_AUTORELEASING = YES;
				CLANG_WARN_BOOL_CONVERSION = YES;
				CLANG_WARN_COMMA = YES;
				CLANG_WARN_CONSTANT_CONVERSION = YES;
				CLANG_WARN_DEPRECATED_OBJC_IMPLEMENTATIONS = YES;
				CLANG_WARN_DIRECT_OBJC_ISA_USAGE = YES_ERROR;
				CLANG_WARN_DOCUMENTATION_COMMENTS = YES;
				CLANG_WARN_EMPTY_BODY = YES;
				CLANG_WARN_ENUM_CONVERSION = YES;
				CLANG_WARN_INFINITE_RECURSION = YES;
				CLANG_WARN_INT_CONVERSION = YES;
				CLANG_WARN_NON_LITERAL_NULL_CONVERSION = YES;
				CLANG_WARN_OBJC_IMPLICIT_RETAIN_SELF = YES;
				CLANG_WARN_OBJC_LITERAL_CONVERSION = YES;
				CLANG_WARN_OBJC_ROOT_CLASS = YES_ERROR;
				CLANG_WARN_RANGE_LOOP_ANALYSIS = YES;
				CLANG_WARN_STRICT_PROTOTYPES = YES;
				CLANG_WARN_SUSPICIOUS_MOVE = YES;
				CLANG_WARN_UNGUARDED_AVAILABILITY = YES_AGGRESSIVE;
				CLANG_WARN_UNREACHABLE_CODE = YES;
				CLANG_WARN__DUPLICATE_METHOD_MATCH = YES;
				CODE_SIGN_IDENTITY = "iPhone Developer";
				COPY_PHASE_STRIP = NO;
				DEBUG_INFORMATION_FORMAT = "dwarf-with-dsym";
				ENABLE_NS_ASSERTIONS = NO;
				ENABLE_STRICT_OBJC_MSGSEND = YES;
				GCC_C_LANGUAGE_STANDARD = gnu11;
				GCC_NO_COMMON_BLOCKS = YES;
				GCC_WARN_64_TO_32_BIT_CONVERSION = YES;
				GCC_WARN_ABOUT_RETURN_TYPE = YES_ERROR;
				GCC_WARN_UNDECLARED_SELECTOR = YES;
				GCC_WARN_UNINITIALIZED_AUTOS = YES_AGGRESSIVE;
				GCC_WARN_UNUSED_FUNCTION = YES;
				GCC_WARN_UNUSED_VARIABLE = YES;
				IPHONEOS_DEPLOYMENT_TARGET = 12.1;
				MTL_ENABLE_DEBUG_INFO = NO;
				MTL_FAST_MATH = YES;
				SDKROOT = iphoneos;
				SWIFT_COMPILATION_MODE = wholemodule;
				SWIFT_OPTIMIZATION_LEVEL = "-O";
				VALIDATE_PRODUCT = YES;
			};
			name = Release;
		};
		04CF12AF2272B07D00B967D1 /* Debug */ = {
			isa = XCBuildConfiguration;
			baseConfigurationReference = 746C263B9F12D80EDC446326 /* Pods-TripPlanner.debug.xcconfig */;
			buildSettings = {
				ASSETCATALOG_COMPILER_APPICON_NAME = AppIcon;
				CODE_SIGN_STYLE = Automatic;
				DEVELOPMENT_TEAM = 7C5XTUX6GS;
				INFOPLIST_FILE = TripPlanner/Info.plist;
				LD_RUNPATH_SEARCH_PATHS = (
					"$(inherited)",
					"@executable_path/Frameworks",
				);
				PRODUCT_BUNDLE_IDENTIFIER = com.sarin.TripPlanner;
				PRODUCT_NAME = "$(TARGET_NAME)";
				SWIFT_VERSION = 4.2;
				TARGETED_DEVICE_FAMILY = "1,2";
			};
			name = Debug;
		};
		04CF12B02272B07D00B967D1 /* Release */ = {
			isa = XCBuildConfiguration;
			baseConfigurationReference = C036F40167D23BA179F3AB4C /* Pods-TripPlanner.release.xcconfig */;
			buildSettings = {
				ASSETCATALOG_COMPILER_APPICON_NAME = AppIcon;
				CODE_SIGN_STYLE = Automatic;
				DEVELOPMENT_TEAM = 7C5XTUX6GS;
				INFOPLIST_FILE = TripPlanner/Info.plist;
				LD_RUNPATH_SEARCH_PATHS = (
					"$(inherited)",
					"@executable_path/Frameworks",
				);
				PRODUCT_BUNDLE_IDENTIFIER = com.sarin.TripPlanner;
				PRODUCT_NAME = "$(TARGET_NAME)";
				SWIFT_VERSION = 4.2;
				TARGETED_DEVICE_FAMILY = "1,2";
			};
			name = Release;
		};
/* End XCBuildConfiguration section */

/* Begin XCConfigurationList section */
		04CF12942272B07C00B967D1 /* Build configuration list for PBXProject "TripPlanner" */ = {
			isa = XCConfigurationList;
			buildConfigurations = (
				04CF12AC2272B07D00B967D1 /* Debug */,
				04CF12AD2272B07D00B967D1 /* Release */,
			);
			defaultConfigurationIsVisible = 0;
			defaultConfigurationName = Release;
		};
		04CF12AE2272B07D00B967D1 /* Build configuration list for PBXNativeTarget "TripPlanner" */ = {
			isa = XCConfigurationList;
			buildConfigurations = (
				04CF12AF2272B07D00B967D1 /* Debug */,
				04CF12B02272B07D00B967D1 /* Release */,
			);
			defaultConfigurationIsVisible = 0;
			defaultConfigurationName = Release;
		};
/* End XCConfigurationList section */

/* Begin XCVersionGroup section */
		04CF12A32272B07C00B967D1 /* TripPlanner.xcdatamodeld */ = {
			isa = XCVersionGroup;
			children = (
				04CF12A42272B07C00B967D1 /* TripPlanner.xcdatamodel */,
			);
			currentVersion = 04CF12A42272B07C00B967D1 /* TripPlanner.xcdatamodel */;
			path = TripPlanner.xcdatamodeld;
			sourceTree = "<group>";
			versionGroupType = wrapper.xcdatamodel;
		};
/* End XCVersionGroup section */
	};
	rootObject = 04CF12912272B07C00B967D1 /* Project object */;
}
